<?xml version="1.0" encoding="utf-8"?>
<Project ToolsVersion="16.0" xmlns="http://schemas.microsoft.com/developer/msbuild/2003">
  <ItemGroup>
    <Filter Include="src">
      <UniqueIdentifier>{2DAB880B-99B4-887C-2230-9F7C8E38947C}</UniqueIdentifier>
    </Filter>
    <Filter Include="src\MrEngine">
      <UniqueIdentifier>{DE023E26-CA65-CDCA-73EB-05815F2D994D}</UniqueIdentifier>
    </Filter>
    <Filter Include="src\MrEngine\Dep">
      <UniqueIdentifier>{73E35349-5FDC-729B-880E-5820746652A7}</UniqueIdentifier>
    </Filter>
    <Filter Include="src\MrEngine\Dep\filament">
      <UniqueIdentifier>{5FBCBE3A-CB7E-F2C4-142F-81518030CBA2}</UniqueIdentifier>
    </Filter>
    <Filter Include="src\MrEngine\Dep\filament\filament">
      <UniqueIdentifier>{CB5E9A07-B79A-9D71-20AD-B5680C08468C}</UniqueIdentifier>
    </Filter>
    <Filter Include="src\MrEngine\Dep\filament\filament\backend">
      <UniqueIdentifier>{2F04BA5A-1B6C-8028-84D7-943E705E9714}</UniqueIdentifier>
    </Filter>
    <Filter Include="src\MrEngine\Dep\filament\filament\backend\src">
      <UniqueIdentifier>{D3EEA273-BF6C-F30C-A864-B1A494813535}</UniqueIdentifier>
    </Filter>
    <Filter Include="src\MrEngine\Dep\filament\filament\backend\src\noop">
      <UniqueIdentifier>{AB319727-1743-3FCE-A094-D10D0CA5C807}</UniqueIdentifier>
    </Filter>
    <Filter Include="src\MrEngine\Dep\filament\libs">
      <UniqueIdentifier>{C522AC0F-B148-7676-9A8E-FB4186539B42}</UniqueIdentifier>
    </Filter>
    <Filter Include="src\MrEngine\Dep\filament\libs\utils">
      <UniqueIdentifier>{52986F78-3E7F-3170-E7CF-978DD395AAD6}</UniqueIdentifier>
    </Filter>
    <Filter Include="src\MrEngine\Dep\filament\libs\utils\src">
      <UniqueIdentifier>{76DC7BDC-6259-6F1F-8BD6-6F3377B20BB3}</UniqueIdentifier>
    </Filter>
    <Filter Include="src\MrEngine\Dep\filament\filament\backend\src\opengl">
      <UniqueIdentifier>{F4128C6C-602F-7E5D-2907-EBCA95E2E71E}</UniqueIdentifier>
    </Filter>
    <Filter Include="src\MrEngine\Dep\filament\filament\backend\src\vulkan">
      <UniqueIdentifier>{00733E7D-6C8F-306E-3567-9DDBA1429A2F}</UniqueIdentifier>
    </Filter>
    <Filter Include="src\MrEngine\Dep\filament\libs\bluevk">
      <UniqueIdentifier>{2A528659-9616-8549-5F7C-B513CBFF207F}</UniqueIdentifier>
    </Filter>
    <Filter Include="src\MrEngine\Dep\filament\libs\bluevk\src">
      <UniqueIdentifier>{4EC28B7B-BADC-EE1C-03FF-FEB06F581624}</UniqueIdentifier>
    </Filter>
    <Filter Include="src\MrEngine\Dep\filament\filament\backend\src\d3d">
      <UniqueIdentifier>{8A438856-76D7-7DFE-DF9B-D7B2CB4EB8F0}</UniqueIdentifier>
    </Filter>
    <Filter Include="src\MrEngine\Dep\filament\libs\bluegl">
      <UniqueIdentifier>{3C508659-A814-8549-717A-B513DDFD207F}</UniqueIdentifier>
    </Filter>
    <Filter Include="src\MrEngine\Dep\filament\libs\bluegl\src">
      <UniqueIdentifier>{6079A058-CC93-03FA-15B6-138E810F2B01}</UniqueIdentifier>
    </Filter>
    <Filter Include="src\MrEngine\Dep\shader-Converter">
      <UniqueIdentifier>{0BE7FE9D-7755-541D-C03E-0F1D2CEC49B9}</UniqueIdentifier>
    </Filter>
    <Filter Include="src\MrEngine\Dep\shader-Converter\glslang">
      <UniqueIdentifier>{8FBEF0EB-FBD8-538D-44FB-6321B0547B94}</UniqueIdentifier>
    </Filter>
    <Filter Include="src\MrEngine\Dep\shader-Converter\glslang\glslang">
      <UniqueIdentifier>{13DAF32D-7FA0-504A-C8FB-DEAC3401BFAE}</UniqueIdentifier>
    </Filter>
    <Filter Include="src\MrEngine\Dep\shader-Converter\glslang\glslang\CInterface">
      <UniqueIdentifier>{036AC71C-EFD4-8728-98F0-EC8D843A4B0B}</UniqueIdentifier>
    </Filter>
    <Filter Include="src\MrEngine\Dep\shader-Converter\glslang\glslang\GenericCodeGen">
      <UniqueIdentifier>{813ACFDF-6D3B-635A-9603-D0DE8263D914}</UniqueIdentifier>
    </Filter>
    <Filter Include="src\MrEngine\Dep\shader-Converter\glslang\glslang\HLSL">
      <UniqueIdentifier>{E2B56795-CE5F-9DA4-B730-A5BFA3793D93}</UniqueIdentifier>
    </Filter>
    <Filter Include="src\MrEngine\Dep\shader-Converter\glslang\glslang\Include">
      <UniqueIdentifier>{F33742F1-5FAA-840D-A83E-BA9114F04E06}</UniqueIdentifier>
    </Filter>
    <Filter Include="src\MrEngine\Dep\shader-Converter\glslang\glslang\MachineIndependent">
      <UniqueIdentifier>{725F9348-5EF6-D5FD-07AB-4CFEF3209CD8}</UniqueIdentifier>
    </Filter>
    <Filter Include="src\MrEngine\Dep\shader-Converter\glslang\glslang\MachineIndependent\preprocessor">
      <UniqueIdentifier>{75A319FE-E119-95EF-2A59-B6C5960EF1A1}</UniqueIdentifier>
    </Filter>
    <Filter Include="src\MrEngine\Dep\shader-Converter\glslang\glslang\OSDependent">
      <UniqueIdentifier>{C8D0305B-3499-FEDE-FD29-07F169B12E1A}</UniqueIdentifier>
    </Filter>
    <Filter Include="src\MrEngine\Dep\shader-Converter\glslang\glslang\Public">
      <UniqueIdentifier>{CEB7C4A3-BA8C-0C57-E33B-4C53CF6F1A6E}</UniqueIdentifier>
    </Filter>
    <Filter Include="src\MrEngine\Dep\shader-Converter\glslang\glslang\ResourceLimits">
      <UniqueIdentifier>{093C68A2-F53C-FC1C-1E05-69A10A6572D7}</UniqueIdentifier>
    </Filter>
    <Filter Include="src\MrEngine\Dep\shader-Converter\glslang\OGLCompilersDLL">
      <UniqueIdentifier>{97A6DCF4-0319-1F11-4CAD-5495B85EE909}</UniqueIdentifier>
    </Filter>
    <Filter Include="src\MrEngine\Dep\shader-Converter\glslang\StandAlone">
      <UniqueIdentifier>{3488E118-20C7-8B94-C949-68C6B56741FF}</UniqueIdentifier>
    </Filter>
    <Filter Include="src\MrEngine\Dep\shader-Converter\glslang\SPIRV">
      <UniqueIdentifier>{3FD974B5-AB14-D578-B409-520820C459A9}</UniqueIdentifier>
    </Filter>
    <Filter Include="src\MrEngine\Dep\shader-Converter\glslang\SPIRV\CInterface">
      <UniqueIdentifier>{AF151FC8-9BD5-AF6C-04F3-9777F0D1C27E}</UniqueIdentifier>
    </Filter>
    <Filter Include="src\MrEngine\Dep\shader-Converter\glslang\glslang\OSDependent\Windows">
      <UniqueIdentifier>{8F2ED9B5-FBA2-6E13-C4EC-BB223020FA46}</UniqueIdentifier>
    </Filter>
    <Filter Include="src\MrEngine\Dep\shader-Converter\SPIRV-Cross">
      <UniqueIdentifier>{B24710FC-1EB8-1275-E7D6-8CFD53064B76}</UniqueIdentifier>
    </Filter>
  </ItemGroup>
  <ItemGroup>
    <None Include="..\src\MrEngine\Dep\shader-Converter\glslang\glslang\MachineIndependent\glslang.m4">
      <Filter>src\MrEngine\Dep\shader-Converter\glslang\glslang\MachineIndependent</Filter>
    </None>
    <None Include="..\src\MrEngine\Dep\shader-Converter\glslang\glslang\MachineIndependent\glslang.y">
      <Filter>src\MrEngine\Dep\shader-Converter\glslang\glslang\MachineIndependent</Filter>
    </None>
    <None Include="..\src\MrEngine\Dep\shader-Converter\glslang\OGLCompilersDLL\CMakeLists.txt">
      <Filter>src\MrEngine\Dep\shader-Converter\glslang\OGLCompilersDLL</Filter>
    </None>
    <None Include="..\src\MrEngine\Dep\shader-Converter\glslang\StandAlone\CMakeLists.txt">
      <Filter>src\MrEngine\Dep\shader-Converter\glslang\StandAlone</Filter>
    </None>
    <None Include="..\src\MrEngine\Dep\shader-Converter\glslang\SPIRV\CMakeLists.txt">
      <Filter>src\MrEngine\Dep\shader-Converter\glslang\SPIRV</Filter>
    </None>
    <None Include="..\src\MrEngine\Dep\shader-Converter\glslang\glslang\OSDependent\Windows\CMakeLists.txt">
      <Filter>src\MrEngine\Dep\shader-Converter\glslang\glslang\OSDependent\Windows</Filter>
    </None>
  </ItemGroup>
  <ItemGroup>
    <ClInclude Include="..\src\MrEngine\Dep\shader-Converter\glslang\glslang\HLSL\hlslAttributes.h">
      <Filter>src\MrEngine\Dep\shader-Converter\glslang\glslang\HLSL</Filter>
    </ClInclude>
    <ClInclude Include="..\src\MrEngine\Dep\shader-Converter\glslang\glslang\HLSL\hlslGrammar.h">
      <Filter>src\MrEngine\Dep\shader-Converter\glslang\glslang\HLSL</Filter>
    </ClInclude>
    <ClInclude Include="..\src\MrEngine\Dep\shader-Converter\glslang\glslang\HLSL\hlslOpMap.h">
      <Filter>src\MrEngine\Dep\shader-Converter\glslang\glslang\HLSL</Filter>
    </ClInclude>
    <ClInclude Include="..\src\MrEngine\Dep\shader-Converter\glslang\glslang\HLSL\hlslParseables.h">
      <Filter>src\MrEngine\Dep\shader-Converter\glslang\glslang\HLSL</Filter>
    </ClInclude>
    <ClInclude Include="..\src\MrEngine\Dep\shader-Converter\glslang\glslang\HLSL\hlslParseHelper.h">
      <Filter>src\MrEngine\Dep\shader-Converter\glslang\glslang\HLSL</Filter>
    </ClInclude>
    <ClInclude Include="..\src\MrEngine\Dep\shader-Converter\glslang\glslang\HLSL\hlslScanContext.h">
      <Filter>src\MrEngine\Dep\shader-Converter\glslang\glslang\HLSL</Filter>
    </ClInclude>
    <ClInclude Include="..\src\MrEngine\Dep\shader-Converter\glslang\glslang\HLSL\hlslTokens.h">
      <Filter>src\MrEngine\Dep\shader-Converter\glslang\glslang\HLSL</Filter>
    </ClInclude>
    <ClInclude Include="..\src\MrEngine\Dep\shader-Converter\glslang\glslang\HLSL\hlslTokenStream.h">
      <Filter>src\MrEngine\Dep\shader-Converter\glslang\glslang\HLSL</Filter>
    </ClInclude>
    <ClInclude Include="..\src\MrEngine\Dep\shader-Converter\glslang\glslang\HLSL\pch.h">
      <Filter>src\MrEngine\Dep\shader-Converter\glslang\glslang\HLSL</Filter>
    </ClInclude>
    <ClInclude Include="..\src\MrEngine\Dep\shader-Converter\glslang\glslang\Include\arrays.h">
      <Filter>src\MrEngine\Dep\shader-Converter\glslang\glslang\Include</Filter>
    </ClInclude>
    <ClInclude Include="..\src\MrEngine\Dep\shader-Converter\glslang\glslang\Include\BaseTypes.h">
      <Filter>src\MrEngine\Dep\shader-Converter\glslang\glslang\Include</Filter>
    </ClInclude>
    <ClInclude Include="..\src\MrEngine\Dep\shader-Converter\glslang\glslang\Include\Common.h">
      <Filter>src\MrEngine\Dep\shader-Converter\glslang\glslang\Include</Filter>
    </ClInclude>
    <ClInclude Include="..\src\MrEngine\Dep\shader-Converter\glslang\glslang\Include\ConstantUnion.h">
      <Filter>src\MrEngine\Dep\shader-Converter\glslang\glslang\Include</Filter>
    </ClInclude>
    <ClInclude Include="..\src\MrEngine\Dep\shader-Converter\glslang\glslang\Include\glslang_c_interface.h">
      <Filter>src\MrEngine\Dep\shader-Converter\glslang\glslang\Include</Filter>
    </ClInclude>
    <ClInclude Include="..\src\MrEngine\Dep\shader-Converter\glslang\glslang\Include\glslang_c_shader_types.h">
      <Filter>src\MrEngine\Dep\shader-Converter\glslang\glslang\Include</Filter>
    </ClInclude>
    <ClInclude Include="..\src\MrEngine\Dep\shader-Converter\glslang\glslang\Include\InfoSink.h">
      <Filter>src\MrEngine\Dep\shader-Converter\glslang\glslang\Include</Filter>
    </ClInclude>
    <ClInclude Include="..\src\MrEngine\Dep\shader-Converter\glslang\glslang\Include\InitializeGlobals.h">
      <Filter>src\MrEngine\Dep\shader-Converter\glslang\glslang\Include</Filter>
    </ClInclude>
    <ClInclude Include="..\src\MrEngine\Dep\shader-Converter\glslang\glslang\Include\intermediate.h">
      <Filter>src\MrEngine\Dep\shader-Converter\glslang\glslang\Include</Filter>
    </ClInclude>
    <ClInclude Include="..\src\MrEngine\Dep\shader-Converter\glslang\glslang\Include\PoolAlloc.h">
      <Filter>src\MrEngine\Dep\shader-Converter\glslang\glslang\Include</Filter>
    </ClInclude>
    <ClInclude Include="..\src\MrEngine\Dep\shader-Converter\glslang\glslang\Include\ResourceLimits.h">
      <Filter>src\MrEngine\Dep\shader-Converter\glslang\glslang\Include</Filter>
    </ClInclude>
    <ClInclude Include="..\src\MrEngine\Dep\shader-Converter\glslang\glslang\Include\ShHandle.h">
      <Filter>src\MrEngine\Dep\shader-Converter\glslang\glslang\Include</Filter>
    </ClInclude>
    <ClInclude Include="..\src\MrEngine\Dep\shader-Converter\glslang\glslang\Include\SpirvIntrinsics.h">
      <Filter>src\MrEngine\Dep\shader-Converter\glslang\glslang\Include</Filter>
    </ClInclude>
    <ClInclude Include="..\src\MrEngine\Dep\shader-Converter\glslang\glslang\Include\Types.h">
      <Filter>src\MrEngine\Dep\shader-Converter\glslang\glslang\Include</Filter>
    </ClInclude>
    <ClInclude Include="..\src\MrEngine\Dep\shader-Converter\glslang\glslang\MachineIndependent\attribute.h">
      <Filter>src\MrEngine\Dep\shader-Converter\glslang\glslang\MachineIndependent</Filter>
    </ClInclude>
    <ClInclude Include="..\src\MrEngine\Dep\shader-Converter\glslang\glslang\MachineIndependent\glslang_tab.cpp.h">
      <Filter>src\MrEngine\Dep\shader-Converter\glslang\glslang\MachineIndependent</Filter>
    </ClInclude>
    <ClInclude Include="..\src\MrEngine\Dep\shader-Converter\glslang\glslang\MachineIndependent\gl_types.h">
      <Filter>src\MrEngine\Dep\shader-Converter\glslang\glslang\MachineIndependent</Filter>
    </ClInclude>
    <ClInclude Include="..\src\MrEngine\Dep\shader-Converter\glslang\glslang\MachineIndependent\Initialize.h">
      <Filter>src\MrEngine\Dep\shader-Converter\glslang\glslang\MachineIndependent</Filter>
    </ClInclude>
    <ClInclude Include="..\src\MrEngine\Dep\shader-Converter\glslang\glslang\MachineIndependent\iomapper.h">
      <Filter>src\MrEngine\Dep\shader-Converter\glslang\glslang\MachineIndependent</Filter>
    </ClInclude>
    <ClInclude Include="..\src\MrEngine\Dep\shader-Converter\glslang\glslang\MachineIndependent\LiveTraverser.h">
      <Filter>src\MrEngine\Dep\shader-Converter\glslang\glslang\MachineIndependent</Filter>
    </ClInclude>
    <ClInclude Include="..\src\MrEngine\Dep\shader-Converter\glslang\glslang\MachineIndependent\localintermediate.h">
      <Filter>src\MrEngine\Dep\shader-Converter\glslang\glslang\MachineIndependent</Filter>
    </ClInclude>
    <ClInclude Include="..\src\MrEngine\Dep\shader-Converter\glslang\glslang\MachineIndependent\ParseHelper.h">
      <Filter>src\MrEngine\Dep\shader-Converter\glslang\glslang\MachineIndependent</Filter>
    </ClInclude>
    <ClInclude Include="..\src\MrEngine\Dep\shader-Converter\glslang\glslang\MachineIndependent\parseVersions.h">
      <Filter>src\MrEngine\Dep\shader-Converter\glslang\glslang\MachineIndependent</Filter>
    </ClInclude>
    <ClInclude Include="..\src\MrEngine\Dep\shader-Converter\glslang\glslang\MachineIndependent\pch.h">
      <Filter>src\MrEngine\Dep\shader-Converter\glslang\glslang\MachineIndependent</Filter>
    </ClInclude>
    <ClInclude Include="..\src\MrEngine\Dep\shader-Converter\glslang\glslang\MachineIndependent\propagateNoContraction.h">
      <Filter>src\MrEngine\Dep\shader-Converter\glslang\glslang\MachineIndependent</Filter>
    </ClInclude>
    <ClInclude Include="..\src\MrEngine\Dep\shader-Converter\glslang\glslang\MachineIndependent\reflection.h">
      <Filter>src\MrEngine\Dep\shader-Converter\glslang\glslang\MachineIndependent</Filter>
    </ClInclude>
    <ClInclude Include="..\src\MrEngine\Dep\shader-Converter\glslang\glslang\MachineIndependent\RemoveTree.h">
      <Filter>src\MrEngine\Dep\shader-Converter\glslang\glslang\MachineIndependent</Filter>
    </ClInclude>
    <ClInclude Include="..\src\MrEngine\Dep\shader-Converter\glslang\glslang\MachineIndependent\Scan.h">
      <Filter>src\MrEngine\Dep\shader-Converter\glslang\glslang\MachineIndependent</Filter>
    </ClInclude>
    <ClInclude Include="..\src\MrEngine\Dep\shader-Converter\glslang\glslang\MachineIndependent\ScanContext.h">
      <Filter>src\MrEngine\Dep\shader-Converter\glslang\glslang\MachineIndependent</Filter>
    </ClInclude>
    <ClInclude Include="..\src\MrEngine\Dep\shader-Converter\glslang\glslang\MachineIndependent\SymbolTable.h">
      <Filter>src\MrEngine\Dep\shader-Converter\glslang\glslang\MachineIndependent</Filter>
    </ClInclude>
    <ClInclude Include="..\src\MrEngine\Dep\shader-Converter\glslang\glslang\MachineIndependent\Versions.h">
      <Filter>src\MrEngine\Dep\shader-Converter\glslang\glslang\MachineIndependent</Filter>
    </ClInclude>
    <ClInclude Include="..\src\MrEngine\Dep\shader-Converter\glslang\glslang\MachineIndependent\preprocessor\PpContext.h">
      <Filter>src\MrEngine\Dep\shader-Converter\glslang\glslang\MachineIndependent\preprocessor</Filter>
    </ClInclude>
    <ClInclude Include="..\src\MrEngine\Dep\shader-Converter\glslang\glslang\MachineIndependent\preprocessor\PpTokens.h">
      <Filter>src\MrEngine\Dep\shader-Converter\glslang\glslang\MachineIndependent\preprocessor</Filter>
    </ClInclude>
    <ClInclude Include="..\src\MrEngine\Dep\shader-Converter\glslang\glslang\OSDependent\osinclude.h">
      <Filter>src\MrEngine\Dep\shader-Converter\glslang\glslang\OSDependent</Filter>
    </ClInclude>
    <ClInclude Include="..\src\MrEngine\Dep\shader-Converter\glslang\glslang\Public\ResourceLimits.h">
      <Filter>src\MrEngine\Dep\shader-Converter\glslang\glslang\Public</Filter>
    </ClInclude>
    <ClInclude Include="..\src\MrEngine\Dep\shader-Converter\glslang\glslang\Public\resource_limits_c.h">
      <Filter>src\MrEngine\Dep\shader-Converter\glslang\glslang\Public</Filter>
    </ClInclude>
    <ClInclude Include="..\src\MrEngine\Dep\shader-Converter\glslang\glslang\Public\ShaderLang.h">
      <Filter>src\MrEngine\Dep\shader-Converter\glslang\glslang\Public</Filter>
    </ClInclude>
    <ClInclude Include="..\src\MrEngine\Dep\shader-Converter\glslang\OGLCompilersDLL\InitializeDll.h">
      <Filter>src\MrEngine\Dep\shader-Converter\glslang\OGLCompilersDLL</Filter>
    </ClInclude>
    <ClInclude Include="..\src\MrEngine\Dep\shader-Converter\glslang\StandAlone\DirStackFileIncluder.h">
      <Filter>src\MrEngine\Dep\shader-Converter\glslang\StandAlone</Filter>
    </ClInclude>
    <ClInclude Include="..\src\MrEngine\Dep\shader-Converter\glslang\StandAlone\Worklist.h">
      <Filter>src\MrEngine\Dep\shader-Converter\glslang\StandAlone</Filter>
    </ClInclude>
    <ClInclude Include="..\src\MrEngine\Dep\shader-Converter\glslang\SPIRV\bitutils.h">
      <Filter>src\MrEngine\Dep\shader-Converter\glslang\SPIRV</Filter>
    </ClInclude>
    <ClInclude Include="..\src\MrEngine\Dep\shader-Converter\glslang\SPIRV\disassemble.h">
      <Filter>src\MrEngine\Dep\shader-Converter\glslang\SPIRV</Filter>
    </ClInclude>
    <ClInclude Include="..\src\MrEngine\Dep\shader-Converter\glslang\SPIRV\doc.h">
      <Filter>src\MrEngine\Dep\shader-Converter\glslang\SPIRV</Filter>
    </ClInclude>
    <ClInclude Include="..\src\MrEngine\Dep\shader-Converter\glslang\SPIRV\GLSL.ext.AMD.h">
      <Filter>src\MrEngine\Dep\shader-Converter\glslang\SPIRV</Filter>
    </ClInclude>
    <ClInclude Include="..\src\MrEngine\Dep\shader-Converter\glslang\SPIRV\GLSL.ext.ARM.h">
      <Filter>src\MrEngine\Dep\shader-Converter\glslang\SPIRV</Filter>
    </ClInclude>
    <ClInclude Include="..\src\MrEngine\Dep\shader-Converter\glslang\SPIRV\GLSL.ext.EXT.h">
      <Filter>src\MrEngine\Dep\shader-Converter\glslang\SPIRV</Filter>
    </ClInclude>
    <ClInclude Include="..\src\MrEngine\Dep\shader-Converter\glslang\SPIRV\GLSL.ext.KHR.h">
      <Filter>src\MrEngine\Dep\shader-Converter\glslang\SPIRV</Filter>
    </ClInclude>
    <ClInclude Include="..\src\MrEngine\Dep\shader-Converter\glslang\SPIRV\GLSL.ext.NV.h">
      <Filter>src\MrEngine\Dep\shader-Converter\glslang\SPIRV</Filter>
    </ClInclude>
    <ClInclude Include="..\src\MrEngine\Dep\shader-Converter\glslang\SPIRV\GLSL.std.450.h">
      <Filter>src\MrEngine\Dep\shader-Converter\glslang\SPIRV</Filter>
    </ClInclude>
    <ClInclude Include="..\src\MrEngine\Dep\shader-Converter\glslang\SPIRV\GlslangToSpv.h">
      <Filter>src\MrEngine\Dep\shader-Converter\glslang\SPIRV</Filter>
    </ClInclude>
    <ClInclude Include="..\src\MrEngine\Dep\shader-Converter\glslang\SPIRV\hex_float.h">
      <Filter>src\MrEngine\Dep\shader-Converter\glslang\SPIRV</Filter>
    </ClInclude>
    <ClInclude Include="..\src\MrEngine\Dep\shader-Converter\glslang\SPIRV\Logger.h">
      <Filter>src\MrEngine\Dep\shader-Converter\glslang\SPIRV</Filter>
    </ClInclude>
    <ClInclude Include="..\src\MrEngine\Dep\shader-Converter\glslang\SPIRV\NonSemanticDebugPrintf.h">
      <Filter>src\MrEngine\Dep\shader-Converter\glslang\SPIRV</Filter>
    </ClInclude>
    <ClInclude Include="..\src\MrEngine\Dep\shader-Converter\glslang\SPIRV\NonSemanticShaderDebugInfo100.h">
      <Filter>src\MrEngine\Dep\shader-Converter\glslang\SPIRV</Filter>
    </ClInclude>
    <ClInclude Include="..\src\MrEngine\Dep\shader-Converter\glslang\SPIRV\spirv.hpp">
      <Filter>src\MrEngine\Dep\shader-Converter\glslang\SPIRV</Filter>
    </ClInclude>
    <ClInclude Include="..\src\MrEngine\Dep\shader-Converter\glslang\SPIRV\SpvBuilder.h">
      <Filter>src\MrEngine\Dep\shader-Converter\glslang\SPIRV</Filter>
    </ClInclude>
    <ClInclude Include="..\src\MrEngine\Dep\shader-Converter\glslang\SPIRV\spvIR.h">
      <Filter>src\MrEngine\Dep\shader-Converter\glslang\SPIRV</Filter>
    </ClInclude>
    <ClInclude Include="..\src\MrEngine\Dep\shader-Converter\glslang\SPIRV\SPVRemapper.h">
      <Filter>src\MrEngine\Dep\shader-Converter\glslang\SPIRV</Filter>
    </ClInclude>
    <ClInclude Include="..\src\MrEngine\Dep\shader-Converter\glslang\SPIRV\SpvTools.h">
      <Filter>src\MrEngine\Dep\shader-Converter\glslang\SPIRV</Filter>
    </ClInclude>
  </ItemGroup>
  <ItemGroup>
    <ClCompile Include="..\src\MrEngine\Dep\filament\filament\backend\src\noop\NoopDriver.cpp">
      <Filter>src\MrEngine\Dep\filament\filament\backend\src\noop</Filter>
    </ClCompile>
    <ClCompile Include="..\src\MrEngine\Dep\filament\filament\backend\src\noop\PlatformNoop.cpp">
      <Filter>src\MrEngine\Dep\filament\filament\backend\src\noop</Filter>
    </ClCompile>
    <ClCompile Include="..\src\MrEngine\Dep\filament\filament\backend\src\CircularBuffer.cpp">
      <Filter>src\MrEngine\Dep\filament\filament\backend\src</Filter>
    </ClCompile>
    <ClCompile Include="..\src\MrEngine\Dep\filament\filament\backend\src\CommandBufferQueue.cpp">
      <Filter>src\MrEngine\Dep\filament\filament\backend\src</Filter>
    </ClCompile>
    <ClCompile Include="..\src\MrEngine\Dep\filament\filament\backend\src\CommandStream.cpp">
      <Filter>src\MrEngine\Dep\filament\filament\backend\src</Filter>
    </ClCompile>
    <ClCompile Include="..\src\MrEngine\Dep\filament\filament\backend\src\Driver.cpp">
      <Filter>src\MrEngine\Dep\filament\filament\backend\src</Filter>
    </ClCompile>
    <ClCompile Include="..\src\MrEngine\Dep\filament\filament\backend\src\Handle.cpp">
      <Filter>src\MrEngine\Dep\filament\filament\backend\src</Filter>
    </ClCompile>
    <ClCompile Include="..\src\MrEngine\Dep\filament\filament\backend\src\Platform.cpp">
      <Filter>src\MrEngine\Dep\filament\filament\backend\src</Filter>
    </ClCompile>
    <ClCompile Include="..\src\MrEngine\Dep\filament\filament\backend\src\Program.cpp">
      <Filter>src\MrEngine\Dep\filament\filament\backend\src</Filter>
    </ClCompile>
    <ClCompile Include="..\src\MrEngine\Dep\filament\filament\backend\src\SamplerGroup.cpp">
      <Filter>src\MrEngine\Dep\filament\filament\backend\src</Filter>
    </ClCompile>
    <ClCompile Include="..\src\MrEngine\Dep\filament\filament\backend\src\TextureReshaper.cpp">
      <Filter>src\MrEngine\Dep\filament\filament\backend\src</Filter>
    </ClCompile>
    <ClCompile Include="..\src\MrEngine\Dep\filament\libs\utils\src\Allocator.cpp">
      <Filter>src\MrEngine\Dep\filament\libs\utils\src</Filter>
    </ClCompile>
    <ClCompile Include="..\src\MrEngine\Dep\filament\libs\utils\src\ashmem.cpp">
      <Filter>src\MrEngine\Dep\filament\libs\utils\src</Filter>
    </ClCompile>
    <ClCompile Include="..\src\MrEngine\Dep\filament\libs\utils\src\CallStack.cpp">
      <Filter>src\MrEngine\Dep\filament\libs\utils\src</Filter>
    </ClCompile>
    <ClCompile Include="..\src\MrEngine\Dep\filament\libs\utils\src\CountDownLatch.cpp">
      <Filter>src\MrEngine\Dep\filament\libs\utils\src</Filter>
    </ClCompile>
    <ClCompile Include="..\src\MrEngine\Dep\filament\libs\utils\src\CString.cpp">
      <Filter>src\MrEngine\Dep\filament\libs\utils\src</Filter>
    </ClCompile>
    <ClCompile Include="..\src\MrEngine\Dep\filament\libs\utils\src\Log.cpp">
      <Filter>src\MrEngine\Dep\filament\libs\utils\src</Filter>
    </ClCompile>
    <ClCompile Include="..\src\MrEngine\Dep\filament\libs\utils\src\ostream.cpp">
      <Filter>src\MrEngine\Dep\filament\libs\utils\src</Filter>
    </ClCompile>
    <ClCompile Include="..\src\MrEngine\Dep\filament\libs\utils\src\Panic.cpp">
      <Filter>src\MrEngine\Dep\filament\libs\utils\src</Filter>
    </ClCompile>
    <ClCompile Include="..\src\MrEngine\Dep\filament\libs\utils\src\Profiler.cpp">
      <Filter>src\MrEngine\Dep\filament\libs\utils\src</Filter>
    </ClCompile>
    <ClCompile Include="..\src\MrEngine\Dep\filament\libs\utils\src\sstream.cpp">
      <Filter>src\MrEngine\Dep\filament\libs\utils\src</Filter>
    </ClCompile>
    <ClCompile Include="..\src\MrEngine\Dep\filament\libs\utils\src\Systrace.cpp">
      <Filter>src\MrEngine\Dep\filament\libs\utils\src</Filter>
    </ClCompile>
    <ClCompile Include="..\src\MrEngine\Dep\filament\filament\backend\src\opengl\gl_headers.cpp">
      <Filter>src\MrEngine\Dep\filament\filament\backend\src\opengl</Filter>
    </ClCompile>
    <ClCompile Include="..\src\MrEngine\Dep\filament\filament\backend\src\opengl\GLUtils.cpp">
      <Filter>src\MrEngine\Dep\filament\filament\backend\src\opengl</Filter>
    </ClCompile>
    <ClCompile Include="..\src\MrEngine\Dep\filament\filament\backend\src\opengl\OpenGLBlitter.cpp">
      <Filter>src\MrEngine\Dep\filament\filament\backend\src\opengl</Filter>
    </ClCompile>
    <ClCompile Include="..\src\MrEngine\Dep\filament\filament\backend\src\opengl\OpenGLDriver.cpp">
      <Filter>src\MrEngine\Dep\filament\filament\backend\src\opengl</Filter>
    </ClCompile>
    <ClCompile Include="..\src\MrEngine\Dep\filament\filament\backend\src\opengl\OpenGLPlatform.cpp">
      <Filter>src\MrEngine\Dep\filament\filament\backend\src\opengl</Filter>
    </ClCompile>
    <ClCompile Include="..\src\MrEngine\Dep\filament\filament\backend\src\opengl\OpenGLProgram.cpp">
      <Filter>src\MrEngine\Dep\filament\filament\backend\src\opengl</Filter>
    </ClCompile>
    <ClCompile Include="..\src\MrEngine\Dep\filament\filament\backend\src\vulkan\VulkanBinder.cpp">
      <Filter>src\MrEngine\Dep\filament\filament\backend\src\vulkan</Filter>
    </ClCompile>
    <ClCompile Include="..\src\MrEngine\Dep\filament\filament\backend\src\vulkan\VulkanBuffer.cpp">
      <Filter>src\MrEngine\Dep\filament\filament\backend\src\vulkan</Filter>
    </ClCompile>
    <ClCompile Include="..\src\MrEngine\Dep\filament\filament\backend\src\vulkan\VulkanContext.cpp">
      <Filter>src\MrEngine\Dep\filament\filament\backend\src\vulkan</Filter>
    </ClCompile>
    <ClCompile Include="..\src\MrEngine\Dep\filament\filament\backend\src\vulkan\VulkanDisposer.cpp">
      <Filter>src\MrEngine\Dep\filament\filament\backend\src\vulkan</Filter>
    </ClCompile>
    <ClCompile Include="..\src\MrEngine\Dep\filament\filament\backend\src\vulkan\VulkanDriver.cpp">
      <Filter>src\MrEngine\Dep\filament\filament\backend\src\vulkan</Filter>
    </ClCompile>
    <ClCompile Include="..\src\MrEngine\Dep\filament\filament\backend\src\vulkan\VulkanFboCache.cpp">
      <Filter>src\MrEngine\Dep\filament\filament\backend\src\vulkan</Filter>
    </ClCompile>
    <ClCompile Include="..\src\MrEngine\Dep\filament\filament\backend\src\vulkan\VulkanHandles.cpp">
      <Filter>src\MrEngine\Dep\filament\filament\backend\src\vulkan</Filter>
    </ClCompile>
    <ClCompile Include="..\src\MrEngine\Dep\filament\filament\backend\src\vulkan\VulkanPlatform.cpp">
      <Filter>src\MrEngine\Dep\filament\filament\backend\src\vulkan</Filter>
    </ClCompile>
    <ClCompile Include="..\src\MrEngine\Dep\filament\filament\backend\src\vulkan\VulkanSamplerCache.cpp">
      <Filter>src\MrEngine\Dep\filament\filament\backend\src\vulkan</Filter>
    </ClCompile>
    <ClCompile Include="..\src\MrEngine\Dep\filament\filament\backend\src\vulkan\VulkanStagePool.cpp">
      <Filter>src\MrEngine\Dep\filament\filament\backend\src\vulkan</Filter>
    </ClCompile>
    <ClCompile Include="..\src\MrEngine\Dep\filament\filament\backend\src\vulkan\VulkanUtility.cpp">
      <Filter>src\MrEngine\Dep\filament\filament\backend\src\vulkan</Filter>
    </ClCompile>
    <ClCompile Include="..\src\MrEngine\Dep\filament\libs\bluevk\src\BlueVK.cpp">
      <Filter>src\MrEngine\Dep\filament\libs\bluevk\src</Filter>
    </ClCompile>
    <ClCompile Include="..\src\MrEngine\Dep\filament\filament\backend\src\d3d\D3D11Context.cpp">
      <Filter>src\MrEngine\Dep\filament\filament\backend\src\d3d</Filter>
    </ClCompile>
    <ClCompile Include="..\src\MrEngine\Dep\filament\filament\backend\src\d3d\D3D11Driver.cpp">
      <Filter>src\MrEngine\Dep\filament\filament\backend\src\d3d</Filter>
    </ClCompile>
    <ClCompile Include="..\src\MrEngine\Dep\filament\filament\backend\src\d3d\D3D11Handles.cpp">
      <Filter>src\MrEngine\Dep\filament\filament\backend\src\d3d</Filter>
    </ClCompile>
    <ClCompile Include="..\src\MrEngine\Dep\filament\filament\backend\src\d3d\PlatformD3D11.cpp">
      <Filter>src\MrEngine\Dep\filament\filament\backend\src\d3d</Filter>
    </ClCompile>
    <ClCompile Include="..\src\MrEngine\Dep\filament\filament\backend\src\opengl\PlatformWGL.cpp">
      <Filter>src\MrEngine\Dep\filament\filament\backend\src\opengl</Filter>
    </ClCompile>
    <ClCompile Include="..\src\MrEngine\Dep\filament\libs\bluegl\src\BlueGL.cpp">
      <Filter>src\MrEngine\Dep\filament\libs\bluegl\src</Filter>
    </ClCompile>
    <ClCompile Include="..\src\MrEngine\Dep\filament\libs\bluegl\src\BlueGLWindows.cpp">
      <Filter>src\MrEngine\Dep\filament\libs\bluegl\src</Filter>
    </ClCompile>
    <ClCompile Include="..\src\MrEngine\Dep\filament\libs\bluegl\src\BlueGLCoreWindows32Impl.cpp">
      <Filter>src\MrEngine\Dep\filament\libs\bluegl\src</Filter>
    </ClCompile>
    <ClCompile Include="..\src\MrEngine\Dep\filament\filament\backend\src\vulkan\PlatformVkWindows.cpp">
      <Filter>src\MrEngine\Dep\filament\filament\backend\src\vulkan</Filter>
    </ClCompile>
    <ClCompile Include="..\src\MrEngine\Dep\filament\libs\bluevk\src\BlueVKWindows.cpp">
      <Filter>src\MrEngine\Dep\filament\libs\bluevk\src</Filter>
    </ClCompile>
    <ClCompile Include="..\src\MrEngine\Dep\shader-Converter\glslang\glslang\CInterface\glslang_c_interface.cpp">
      <Filter>src\MrEngine\Dep\shader-Converter\glslang\glslang\CInterface</Filter>
    </ClCompile>
    <ClCompile Include="..\src\MrEngine\Dep\shader-Converter\glslang\glslang\GenericCodeGen\CodeGen.cpp">
      <Filter>src\MrEngine\Dep\shader-Converter\glslang\glslang\GenericCodeGen</Filter>
    </ClCompile>
    <ClCompile Include="..\src\MrEngine\Dep\shader-Converter\glslang\glslang\GenericCodeGen\Link.cpp">
      <Filter>src\MrEngine\Dep\shader-Converter\glslang\glslang\GenericCodeGen</Filter>
    </ClCompile>
    <ClCompile Include="..\src\MrEngine\Dep\shader-Converter\glslang\glslang\HLSL\hlslAttributes.cpp">
      <Filter>src\MrEngine\Dep\shader-Converter\glslang\glslang\HLSL</Filter>
    </ClCompile>
    <ClCompile Include="..\src\MrEngine\Dep\shader-Converter\glslang\glslang\HLSL\hlslGrammar.cpp">
      <Filter>src\MrEngine\Dep\shader-Converter\glslang\glslang\HLSL</Filter>
    </ClCompile>
    <ClCompile Include="..\src\MrEngine\Dep\shader-Converter\glslang\glslang\HLSL\hlslOpMap.cpp">
      <Filter>src\MrEngine\Dep\shader-Converter\glslang\glslang\HLSL</Filter>
    </ClCompile>
    <ClCompile Include="..\src\MrEngine\Dep\shader-Converter\glslang\glslang\HLSL\hlslParseables.cpp">
      <Filter>src\MrEngine\Dep\shader-Converter\glslang\glslang\HLSL</Filter>
    </ClCompile>
    <ClCompile Include="..\src\MrEngine\Dep\shader-Converter\glslang\glslang\HLSL\hlslParseHelper.cpp">
      <Filter>src\MrEngine\Dep\shader-Converter\glslang\glslang\HLSL</Filter>
    </ClCompile>
    <ClCompile Include="..\src\MrEngine\Dep\shader-Converter\glslang\glslang\HLSL\hlslScanContext.cpp">
      <Filter>src\MrEngine\Dep\shader-Converter\glslang\glslang\HLSL</Filter>
    </ClCompile>
    <ClCompile Include="..\src\MrEngine\Dep\shader-Converter\glslang\glslang\HLSL\hlslTokenStream.cpp">
      <Filter>src\MrEngine\Dep\shader-Converter\glslang\glslang\HLSL</Filter>
    </ClCompile>
    <ClCompile Include="..\src\MrEngine\Dep\shader-Converter\glslang\glslang\MachineIndependent\attribute.cpp">
      <Filter>src\MrEngine\Dep\shader-Converter\glslang\glslang\MachineIndependent</Filter>
    </ClCompile>
    <ClCompile Include="..\src\MrEngine\Dep\shader-Converter\glslang\glslang\MachineIndependent\Constant.cpp">
      <Filter>src\MrEngine\Dep\shader-Converter\glslang\glslang\MachineIndependent</Filter>
    </ClCompile>
    <ClCompile Include="..\src\MrEngine\Dep\shader-Converter\glslang\glslang\MachineIndependent\glslang_tab.cpp">
      <Filter>src\MrEngine\Dep\shader-Converter\glslang\glslang\MachineIndependent</Filter>
    </ClCompile>
    <ClCompile Include="..\src\MrEngine\Dep\shader-Converter\glslang\glslang\MachineIndependent\InfoSink.cpp">
      <Filter>src\MrEngine\Dep\shader-Converter\glslang\glslang\MachineIndependent</Filter>
    </ClCompile>
    <ClCompile Include="..\src\MrEngine\Dep\shader-Converter\glslang\glslang\MachineIndependent\Initialize.cpp">
      <Filter>src\MrEngine\Dep\shader-Converter\glslang\glslang\MachineIndependent</Filter>
    </ClCompile>
    <ClCompile Include="..\src\MrEngine\Dep\shader-Converter\glslang\glslang\MachineIndependent\Intermediate.cpp">
      <Filter>src\MrEngine\Dep\shader-Converter\glslang\glslang\MachineIndependent</Filter>
    </ClCompile>
    <ClCompile Include="..\src\MrEngine\Dep\shader-Converter\glslang\glslang\MachineIndependent\intermOut.cpp">
      <Filter>src\MrEngine\Dep\shader-Converter\glslang\glslang\MachineIndependent</Filter>
    </ClCompile>
    <ClCompile Include="..\src\MrEngine\Dep\shader-Converter\glslang\glslang\MachineIndependent\IntermTraverse.cpp">
      <Filter>src\MrEngine\Dep\shader-Converter\glslang\glslang\MachineIndependent</Filter>
    </ClCompile>
    <ClCompile Include="..\src\MrEngine\Dep\shader-Converter\glslang\glslang\MachineIndependent\iomapper.cpp">
      <Filter>src\MrEngine\Dep\shader-Converter\glslang\glslang\MachineIndependent</Filter>
    </ClCompile>
    <ClCompile Include="..\src\MrEngine\Dep\shader-Converter\glslang\glslang\MachineIndependent\limits.cpp">
      <Filter>src\MrEngine\Dep\shader-Converter\glslang\glslang\MachineIndependent</Filter>
    </ClCompile>
    <ClCompile Include="..\src\MrEngine\Dep\shader-Converter\glslang\glslang\MachineIndependent\linkValidate.cpp">
      <Filter>src\MrEngine\Dep\shader-Converter\glslang\glslang\MachineIndependent</Filter>
    </ClCompile>
    <ClCompile Include="..\src\MrEngine\Dep\shader-Converter\glslang\glslang\MachineIndependent\parseConst.cpp">
      <Filter>src\MrEngine\Dep\shader-Converter\glslang\glslang\MachineIndependent</Filter>
    </ClCompile>
    <ClCompile Include="..\src\MrEngine\Dep\shader-Converter\glslang\glslang\MachineIndependent\ParseContextBase.cpp">
      <Filter>src\MrEngine\Dep\shader-Converter\glslang\glslang\MachineIndependent</Filter>
    </ClCompile>
    <ClCompile Include="..\src\MrEngine\Dep\shader-Converter\glslang\glslang\MachineIndependent\ParseHelper.cpp">
      <Filter>src\MrEngine\Dep\shader-Converter\glslang\glslang\MachineIndependent</Filter>
    </ClCompile>
    <ClCompile Include="..\src\MrEngine\Dep\shader-Converter\glslang\glslang\MachineIndependent\PoolAlloc.cpp">
      <Filter>src\MrEngine\Dep\shader-Converter\glslang\glslang\MachineIndependent</Filter>
    </ClCompile>
    <ClCompile Include="..\src\MrEngine\Dep\shader-Converter\glslang\glslang\MachineIndependent\propagateNoContraction.cpp">
      <Filter>src\MrEngine\Dep\shader-Converter\glslang\glslang\MachineIndependent</Filter>
    </ClCompile>
    <ClCompile Include="..\src\MrEngine\Dep\shader-Converter\glslang\glslang\MachineIndependent\reflection.cpp">
      <Filter>src\MrEngine\Dep\shader-Converter\glslang\glslang\MachineIndependent</Filter>
    </ClCompile>
    <ClCompile Include="..\src\MrEngine\Dep\shader-Converter\glslang\glslang\MachineIndependent\RemoveTree.cpp">
      <Filter>src\MrEngine\Dep\shader-Converter\glslang\glslang\MachineIndependent</Filter>
    </ClCompile>
    <ClCompile Include="..\src\MrEngine\Dep\shader-Converter\glslang\glslang\MachineIndependent\Scan.cpp">
      <Filter>src\MrEngine\Dep\shader-Converter\glslang\glslang\MachineIndependent</Filter>
    </ClCompile>
    <ClCompile Include="..\src\MrEngine\Dep\shader-Converter\glslang\glslang\MachineIndependent\ShaderLang.cpp">
      <Filter>src\MrEngine\Dep\shader-Converter\glslang\glslang\MachineIndependent</Filter>
    </ClCompile>
    <ClCompile Include="..\src\MrEngine\Dep\shader-Converter\glslang\glslang\MachineIndependent\SpirvIntrinsics.cpp">
      <Filter>src\MrEngine\Dep\shader-Converter\glslang\glslang\MachineIndependent</Filter>
    </ClCompile>
    <ClCompile Include="..\src\MrEngine\Dep\shader-Converter\glslang\glslang\MachineIndependent\SymbolTable.cpp">
      <Filter>src\MrEngine\Dep\shader-Converter\glslang\glslang\MachineIndependent</Filter>
    </ClCompile>
    <ClCompile Include="..\src\MrEngine\Dep\shader-Converter\glslang\glslang\MachineIndependent\Versions.cpp">
      <Filter>src\MrEngine\Dep\shader-Converter\glslang\glslang\MachineIndependent</Filter>
    </ClCompile>
    <ClCompile Include="..\src\MrEngine\Dep\shader-Converter\glslang\glslang\MachineIndependent\preprocessor\Pp.cpp">
      <Filter>src\MrEngine\Dep\shader-Converter\glslang\glslang\MachineIndependent\preprocessor</Filter>
    </ClCompile>
    <ClCompile Include="..\src\MrEngine\Dep\shader-Converter\glslang\glslang\MachineIndependent\preprocessor\PpAtom.cpp">
      <Filter>src\MrEngine\Dep\shader-Converter\glslang\glslang\MachineIndependent\preprocessor</Filter>
    </ClCompile>
    <ClCompile Include="..\src\MrEngine\Dep\shader-Converter\glslang\glslang\MachineIndependent\preprocessor\PpContext.cpp">
      <Filter>src\MrEngine\Dep\shader-Converter\glslang\glslang\MachineIndependent\preprocessor</Filter>
    </ClCompile>
    <ClCompile Include="..\src\MrEngine\Dep\shader-Converter\glslang\glslang\MachineIndependent\preprocessor\PpScanner.cpp">
      <Filter>src\MrEngine\Dep\shader-Converter\glslang\glslang\MachineIndependent\preprocessor</Filter>
    </ClCompile>
    <ClCompile Include="..\src\MrEngine\Dep\shader-Converter\glslang\glslang\MachineIndependent\preprocessor\PpTokens.cpp">
      <Filter>src\MrEngine\Dep\shader-Converter\glslang\glslang\MachineIndependent\preprocessor</Filter>
    </ClCompile>
    <ClCompile Include="..\src\MrEngine\Dep\shader-Converter\glslang\glslang\ResourceLimits\ResourceLimits.cpp">
      <Filter>src\MrEngine\Dep\shader-Converter\glslang\glslang\ResourceLimits</Filter>
    </ClCompile>
    <ClCompile Include="..\src\MrEngine\Dep\shader-Converter\glslang\glslang\ResourceLimits\resource_limits_c.cpp">
      <Filter>src\MrEngine\Dep\shader-Converter\glslang\glslang\ResourceLimits</Filter>
    </ClCompile>
    <ClCompile Include="..\src\MrEngine\Dep\shader-Converter\glslang\OGLCompilersDLL\InitializeDll.cpp">
      <Filter>src\MrEngine\Dep\shader-Converter\glslang\OGLCompilersDLL</Filter>
    </ClCompile>
    <ClCompile Include="..\src\MrEngine\Dep\shader-Converter\glslang\StandAlone\spirv-remap.cpp">
      <Filter>src\MrEngine\Dep\shader-Converter\glslang\StandAlone</Filter>
    </ClCompile>
    <ClCompile Include="..\src\MrEngine\Dep\shader-Converter\glslang\StandAlone\StandAlone.cpp">
      <Filter>src\MrEngine\Dep\shader-Converter\glslang\StandAlone</Filter>
    </ClCompile>
    <ClCompile Include="..\src\MrEngine\Dep\shader-Converter\glslang\SPIRV\disassemble.cpp">
      <Filter>src\MrEngine\Dep\shader-Converter\glslang\SPIRV</Filter>
    </ClCompile>
    <ClCompile Include="..\src\MrEngine\Dep\shader-Converter\glslang\SPIRV\doc.cpp">
      <Filter>src\MrEngine\Dep\shader-Converter\glslang\SPIRV</Filter>
    </ClCompile>
    <ClCompile Include="..\src\MrEngine\Dep\shader-Converter\glslang\SPIRV\GlslangToSpv.cpp">
      <Filter>src\MrEngine\Dep\shader-Converter\glslang\SPIRV</Filter>
    </ClCompile>
    <ClCompile Include="..\src\MrEngine\Dep\shader-Converter\glslang\SPIRV\InReadableOrder.cpp">
      <Filter>src\MrEngine\Dep\shader-Converter\glslang\SPIRV</Filter>
    </ClCompile>
    <ClCompile Include="..\src\MrEngine\Dep\shader-Converter\glslang\SPIRV\Logger.cpp">
      <Filter>src\MrEngine\Dep\shader-Converter\glslang\SPIRV</Filter>
    </ClCompile>
    <ClCompile Include="..\src\MrEngine\Dep\shader-Converter\glslang\SPIRV\SpvBuilder.cpp">
      <Filter>src\MrEngine\Dep\shader-Converter\glslang\SPIRV</Filter>
    </ClCompile>
    <ClCompile Include="..\src\MrEngine\Dep\shader-Converter\glslang\SPIRV\SpvPostProcess.cpp">
      <Filter>src\MrEngine\Dep\shader-Converter\glslang\SPIRV</Filter>
    </ClCompile>
    <ClCompile Include="..\src\MrEngine\Dep\shader-Converter\glslang\SPIRV\SPVRemapper.cpp">
      <Filter>src\MrEngine\Dep\shader-Converter\glslang\SPIRV</Filter>
    </ClCompile>
    <ClCompile Include="..\src\MrEngine\Dep\shader-Converter\glslang\SPIRV\SpvTools.cpp">
      <Filter>src\MrEngine\Dep\shader-Converter\glslang\SPIRV</Filter>
    </ClCompile>
    <ClCompile Include="..\src\MrEngine\Dep\shader-Converter\glslang\SPIRV\CInterface\spirv_c_interface.cpp">
      <Filter>src\MrEngine\Dep\shader-Converter\glslang\SPIRV\CInterface</Filter>
    </ClCompile>
    <ClCompile Include="..\src\MrEngine\Dep\shader-Converter\glslang\glslang\OSDependent\Windows\main.cpp">
      <Filter>src\MrEngine\Dep\shader-Converter\glslang\glslang\OSDependent\Windows</Filter>
    </ClCompile>
    <ClCompile Include="..\src\MrEngine\Dep\shader-Converter\glslang\glslang\OSDependent\Windows\ossource.cpp">
      <Filter>src\MrEngine\Dep\shader-Converter\glslang\glslang\OSDependent\Windows</Filter>
    </ClCompile>
    <ClCompile Include="..\src\MrEngine\Dep\shader-Converter\SPIRV-Cross\main.cpp">
      <Filter>src\MrEngine\Dep\shader-Converter\SPIRV-Cross</Filter>
    </ClCompile>
    <ClCompile Include="..\src\MrEngine\Dep\shader-Converter\SPIRV-Cross\spirv_cfg.cpp">
      <Filter>src\MrEngine\Dep\shader-Converter\SPIRV-Cross</Filter>
    </ClCompile>
    <ClCompile Include="..\src\MrEngine\Dep\shader-Converter\SPIRV-Cross\spirv_cpp.cpp">
      <Filter>src\MrEngine\Dep\shader-Converter\SPIRV-Cross</Filter>
    </ClCompile>
    <ClCompile Include="..\src\MrEngine\Dep\shader-Converter\SPIRV-Cross\spirv_cross.cpp">
      <Filter>src\MrEngine\Dep\shader-Converter\SPIRV-Cross</Filter>
    </ClCompile>
    <ClCompile Include="..\src\MrEngine\Dep\shader-Converter\SPIRV-Cross\spirv_cross_c.cpp">
      <Filter>src\MrEngine\Dep\shader-Converter\SPIRV-Cross</Filter>
    </ClCompile>
    <ClCompile Include="..\src\MrEngine\Dep\shader-Converter\SPIRV-Cross\spirv_cross_parsed_ir.cpp">
      <Filter>src\MrEngine\Dep\shader-Converter\SPIRV-Cross</Filter>
    </ClCompile>
    <ClCompile Include="..\src\MrEngine\Dep\shader-Converter\SPIRV-Cross\spirv_cross_util.cpp">
      <Filter>src\MrEngine\Dep\shader-Converter\SPIRV-Cross</Filter>
    </ClCompile>
    <ClCompile Include="..\src\MrEngine\Dep\shader-Converter\SPIRV-Cross\spirv_glsl.cpp">
      <Filter>src\MrEngine\Dep\shader-Converter\SPIRV-Cross</Filter>
    </ClCompile>
    <ClCompile Include="..\src\MrEngine\Dep\shader-Converter\SPIRV-Cross\spirv_hlsl.cpp">
      <Filter>src\MrEngine\Dep\shader-Converter\SPIRV-Cross</Filter>
    </ClCompile>
    <ClCompile Include="..\src\MrEngine\Dep\shader-Converter\SPIRV-Cross\spirv_msl.cpp">
      <Filter>src\MrEngine\Dep\shader-Converter\SPIRV-Cross</Filter>
    </ClCompile>
    <ClCompile Include="..\src\MrEngine\Dep\shader-Converter\SPIRV-Cross\spirv_parser.cpp">
      <Filter>src\MrEngine\Dep\shader-Converter\SPIRV-Cross</Filter>
    </ClCompile>
    <ClCompile Include="..\src\MrEngine\Dep\shader-Converter\SPIRV-Cross\spirv_reflect.cpp">
      <Filter>src\MrEngine\Dep\shader-Converter\SPIRV-Cross</Filter>
    </ClCompile>
  </ItemGroup>
</Project>
